
Microsoft Visual Studio Solution File, Format Version 12.00
# Visual Studio Version 16
VisualStudioVersion = 16.0.28922.388
MinimumVisualStudioVersion = 10.0.40219.1
Project("{FAE04EC0-301F-11D3-BF4B-00C04F79EFBC}") = "Client", "Client\Client.csproj", "{B03E0D59-9993-4C2B-A79B-D9D150F98B13}"
EndProject
Project("{FAE04EC0-301F-11D3-BF4B-00C04F79EFBC}") = "Server", "..\Server\Server.csproj", "{0573C014-2302-44CE-8A05-0D446212F17B}"
EndProject
Global
	GlobalSection(SolutionConfigurationPlatforms) = preSolution
		Debug|Any CPU = Debug|Any CPU
		Release|Any CPU = Release|Any CPU
	EndGlobalSection
	GlobalSection(ProjectConfigurationPlatforms) = postSolution
		{B03E0D59-9993-4C2B-A79B-D9D150F98B13}.Debug|Any CPU.ActiveCfg = Debug|Any CPU
		{B03E0D59-9993-4C2B-A79B-D9D150F98B13}.Debug|Any CPU.Build.0 = Debug|Any CPU
		{B03E0D59-9993-4C2B-A79B-D9D150F98B13}.Release|Any CPU.ActiveCfg = Release|Any CPU
		{B03E0D59-9993-4C2B-A79B-D9D150F98B13}.Release|Any CPU.Build.0 = Release|Any CPU
		{0573C014-2302-44CE-8A05-0D446212F17B}.Debug|Any CPU.ActiveCfg = Debug|Any CPU
		{0573C014-2302-44CE-8A05-0D446212F17B}.Debug|Any CPU.Build.0 = Debug|Any CPU
		{0573C014-2302-44CE-8A05-0D446212F17B}.Release|Any CPU.ActiveCfg = Release|Any CPU
		{0573C014-2302-44CE-8A05-0D446212F17B}.Release|Any CPU.Build.0 = Release|Any CPU
	EndGlobalSection
	GlobalSection(SolutionProperties) = preSolution
		HideSolutionNode = FALSE
	EndGlobalSection
	GlobalSection(ExtensibilityGlobals) = postSolution
		SolutionGuid = {269768EB-10A2-4C44-A2B1-00DBD43051AA}
	EndGlobalSection
EndGlobal
